
Microsoft Visual Studio Solution File, Format Version 12.00
# Visual Studio Version 17
VisualStudioVersion = 17.0.32014.148
MinimumVisualStudioVersion = 10.0.40219.1
Project("{888888A0-9F3D-457C-B088-3A5042F75D52}") = "ATM Project", "ATM Project\ATM Project.pyproj", "{4508BE14-8806-4D75-84F2-FC276E69FD2A}"
EndProject
Global
	GlobalSection(SolutionConfigurationPlatforms) = preSolution
		Debug|Any CPU = Debug|Any CPU
		Release|Any CPU = Release|Any CPU
	EndGlobalSection
	GlobalSection(ProjectConfigurationPlatforms) = postSolution
		{4508BE14-8806-4D75-84F2-FC276E69FD2A}.Debug|Any CPU.ActiveCfg = Debug|Any CPU
		{4508BE14-8806-4D75-84F2-FC276E69FD2A}.Release|Any CPU.ActiveCfg = Release|Any CPU
	EndGlobalSection
	GlobalSection(SolutionProperties) = preSolution
		HideSolutionNode = FALSE
	EndGlobalSection
	GlobalSection(ExtensibilityGlobals) = postSolution
		SolutionGuid = {33F0CF5E-0BA8-4F19-ACA8-FC1B12B92F41}
	EndGlobalSection
EndGlobal
